
Microsoft Visual Studio Solution File, Format Version 12.00
# Visual Studio Version 16
VisualStudioVersion = 16.0.29920.165
MinimumVisualStudioVersion = 10.0.40219.1
Project("{FAE04EC0-301F-11D3-BF4B-00C04F79EFBC}") = "BTL_HDH", "BTL_HDH\BTL_HDH.csproj", "{5B21C031-94D5-4180-93DA-556D1C73BA94}"
EndProject
Global
	GlobalSection(SolutionConfigurationPlatforms) = preSolution
		Debug|Any CPU = Debug|Any CPU
		Release|Any CPU = Release|Any CPU
	EndGlobalSection
	GlobalSection(ProjectConfigurationPlatforms) = postSolution
		{5B21C031-94D5-4180-93DA-556D1C73BA94}.Debug|Any CPU.ActiveCfg = Debug|Any CPU
		{5B21C031-94D5-4180-93DA-556D1C73BA94}.Debug|Any CPU.Build.0 = Debug|Any CPU
		{5B21C031-94D5-4180-93DA-556D1C73BA94}.Release|Any CPU.ActiveCfg = Release|Any CPU
		{5B21C031-94D5-4180-93DA-556D1C73BA94}.Release|Any CPU.Build.0 = Release|Any CPU
	EndGlobalSection
	GlobalSection(SolutionProperties) = preSolution
		HideSolutionNode = FALSE
	EndGlobalSection
	GlobalSection(ExtensibilityGlobals) = postSolution
		SolutionGuid = {1A3336EC-9817-4E75-957F-7C01C58925CE}
	EndGlobalSection
EndGlobal
